
Microsoft Visual Studio Solution File, Format Version 12.00
# Visual Studio Version 17
VisualStudioVersion = 17.13.35931.197
MinimumVisualStudioVersion = 10.0.40219.1
Project("{9A19103F-16F7-4668-BE54-9A1E7A4F7556}") = "hvcmd", "hvcmd\hvcmd.csproj", "{48B2AD5D-3C46-42E3-B80F-9083A8F07D3A}"
EndProject
Project("{2150E333-8FDC-42A3-9474-1A3956D46DE8}") = "Solution Items", "Solution Items", "{F365A652-8785-4337-BCF5-C70137287522}"
	ProjectSection(SolutionItems) = preProject
		Directory.Build.props = Directory.Build.props
	EndProjectSection
EndProject
Global
	GlobalSection(SolutionConfigurationPlatforms) = preSolution
		Debug|Any CPU = Debug|Any CPU
		Release|Any CPU = Release|Any CPU
	EndGlobalSection
	GlobalSection(ProjectConfigurationPlatforms) = postSolution
		{48B2AD5D-3C46-42E3-B80F-9083A8F07D3A}.Debug|Any CPU.ActiveCfg = Debug|Any CPU
		{48B2AD5D-3C46-42E3-B80F-9083A8F07D3A}.Debug|Any CPU.Build.0 = Debug|Any CPU
		{48B2AD5D-3C46-42E3-B80F-9083A8F07D3A}.Release|Any CPU.ActiveCfg = Release|Any CPU
		{48B2AD5D-3C46-42E3-B80F-9083A8F07D3A}.Release|Any CPU.Build.0 = Release|Any CPU
	EndGlobalSection
	GlobalSection(SolutionProperties) = preSolution
		HideSolutionNode = FALSE
	EndGlobalSection
	GlobalSection(ExtensibilityGlobals) = postSolution
		SolutionGuid = {B6770033-AEF3-4C1A-AF1B-9C9784DB67EF}
	EndGlobalSection
EndGlobal
